// !$*UTF8*$!
{
	archiveVersion = 1;
	classes = {
	};
	objectVersion = 46;
	objects = {

/* Begin PBXBuildFile section */
		180C19BE1BF0F6A00098E273 /* AppDelegate.swift in Sources */ = {isa = PBXBuildFile; fileRef = 180C19BD1BF0F6A00098E273 /* AppDelegate.swift */; };
		180C19C01BF0F6A00098E273 /* ViewController.swift in Sources */ = {isa = PBXBuildFile; fileRef = 180C19BF1BF0F6A00098E273 /* ViewController.swift */; };
		180C19C31BF0F6A00098E273 /* Main.storyboard in Resources */ = {isa = PBXBuildFile; fileRef = 180C19C11BF0F6A00098E273 /* Main.storyboard */; };
		180C19C51BF0F6A00098E273 /* Assets.xcassets in Resources */ = {isa = PBXBuildFile; fileRef = 180C19C41BF0F6A00098E273 /* Assets.xcassets */; };
		180C19C81BF0F6A00098E273 /* LaunchScreen.storyboard in Resources */ = {isa = PBXBuildFile; fileRef = 180C19C61BF0F6A00098E273 /* LaunchScreen.storyboard */; };
		180C19D21BF1B7750098E273 /* PersonCell.swift in Sources */ = {isa = PBXBuildFile; fileRef = 180C19D11BF1B7750098E273 /* PersonCell.swift */; };
		180C19D41BF1C0BC0098E273 /* Person.swift in Sources */ = {isa = PBXBuildFile; fileRef = 180C19D31BF1C0BC0098E273 /* Person.swift */; };
/* End PBXBuildFile section */

/* Begin PBXFileReference section */
		180C19BA1BF0F6A00098E273 /* Project10.app */ = {isa = PBXFileReference; explicitFileType = wrapper.application; includeInIndex = 0; path = Project10.app; sourceTree = BUILT_PRODUCTS_DIR; };
		180C19BD1BF0F6A00098E273 /* AppDelegate.swift */ = {isa = PBXFileReference; lastKnownFileType = sourcecode.swift; path = AppDelegate.swift; sourceTree = "<group>"; };
		180C19BF1BF0F6A00098E273 /* ViewController.swift */ = {isa = PBXFileReference; lastKnownFileType = sourcecode.swift; path = ViewController.swift; sourceTree = "<group>"; };
		180C19C21BF0F6A00098E273 /* Base */ = {isa = PBXFileReference; lastKnownFileType = file.storyboard; name = Base; path = Base.lproj/Main.storyboard; sourceTree = "<group>"; };
		180C19C41BF0F6A00098E273 /* Assets.xcassets */ = {isa = PBXFileReference; lastKnownFileType = folder.assetcatalog; path = Assets.xcassets; sourceTree = "<group>"; };
		180C19C71BF0F6A00098E273 /* Base */ = {isa = PBXFileReference; lastKnownFileType = file.storyboard; name = Base; path = Base.lproj/LaunchScreen.storyboard; sourceTree = "<group>"; };
		180C19C91BF0F6A00098E273 /* Info.plist */ = {isa = PBXFileReference; lastKnownFileType = text.plist.xml; path = Info.plist; sourceTree = "<group>"; };
		180C19D11BF1B7750098E273 /* PersonCell.swift */ = {isa = PBXFileReference; fileEncoding = 4; lastKnownFileType = sourcecode.swift; name = PersonCell.swift; path = ../PersonCell.swift; sourceTree = "<group>"; };
		180C19D31BF1C0BC0098E273 /* Person.swift */ = {isa = PBXFileReference; fileEncoding = 4; lastKnownFileType = sourcecode.swift; path = Person.swift; sourceTree = "<group>"; };
/* End PBXFileReference section */

/* Begin PBXFrameworksBuildPhase section */
		180C19B71BF0F6A00098E273 /* Frameworks */ = {
			isa = PBXFrameworksBuildPhase;
			buildActionMask = 2147483647;
			files = (
			);
			runOnlyForDeploymentPostprocessing = 0;
		};
/* End PBXFrameworksBuildPhase section */

/* Begin PBXGroup section */
		180C19B11BF0F6A00098E273 = {
			isa = PBXGroup;
			children = (
				180C19BC1BF0F6A00098E273 /* Project10 */,
				180C19BB1BF0F6A00098E273 /* Products */,
			);
			sourceTree = "<group>";
		};
		180C19BB1BF0F6A00098E273 /* Products */ = {
			isa = PBXGroup;
			children = (
				180C19BA1BF0F6A00098E273 /* Project10.app */,
			);
			name = Products;
			sourceTree = "<group>";
		};
		180C19BC1BF0F6A00098E273 /* Project10 */ = {
			isa = PBXGroup;
			children = (
				180C19D11BF1B7750098E273 /* PersonCell.swift */,
				180C19BD1BF0F6A00098E273 /* AppDelegate.swift */,
				180C19BF1BF0F6A00098E273 /* ViewController.swift */,
				180C19D31BF1C0BC0098E273 /* Person.swift */,
				180C19C11BF0F6A00098E273 /* Main.storyboard */,
				180C19C41BF0F6A00098E273 /* Assets.xcassets */,
				180C19C61BF0F6A00098E273 /* LaunchScreen.storyboard */,
				180C19C91BF0F6A00098E273 /* Info.plist */,
			);
			path = Project10;
			sourceTree = "<group>";
		};
/* End PBXGroup section */

/* Begin PBXNativeTarget section */
		180C19B91BF0F6A00098E273 /* Project10 */ = {
			isa = PBXNativeTarget;
			buildConfigurationList = 180C19CC1BF0F6A00098E273 /* Build configuration list for PBXNativeTarget "Project10" */;
			buildPhases = (
				180C19B61BF0F6A00098E273 /* Sources */,
				180C19B71BF0F6A00098E273 /* Frameworks */,
				180C19B81BF0F6A00098E273 /* Resources */,
			);
			buildRules = (
			);
			dependencies = (
			);
			name = Project10;
			productName = Project10;
			productReference = 180C19BA1BF0F6A00098E273 /* Project10.app */;
			productType = "com.apple.product-type.application";
		};
/* End PBXNativeTarget section */

/* Begin PBXProject section */
		180C19B21BF0F6A00098E273 /* Project object */ = {
			isa = PBXProject;
			attributes = {
				LastSwiftUpdateCheck = 0710;
				LastUpgradeCheck = 0710;
				ORGANIZATIONNAME = "Mike Camara";
				TargetAttributes = {
					180C19B91BF0F6A00098E273 = {
						CreatedOnToolsVersion = 7.1;
						DevelopmentTeam = CLN622EQ5G;
					};
				};
			};
			buildConfigurationList = 180C19B51BF0F6A00098E273 /* Build configuration list for PBXProject "Project10" */;
			compatibilityVersion = "Xcode 3.2";
			developmentRegion = English;
			hasScannedForEncodings = 0;
			knownRegions = (
				en,
				Base,
			);
			mainGroup = 180C19B11BF0F6A00098E273;
			productRefGroup = 180C19BB1BF0F6A00098E273 /* Products */;
			projectDirPath = "";
			projectRoot = "";
			targets = (
				180C19B91BF0F6A00098E273 /* Project10 */,
			);
		};
/* End PBXProject section */

/* Begin PBXResourcesBuildPhase section */
		180C19B81BF0F6A00098E273 /* Resources */ = {
			isa = PBXResourcesBuildPhase;
			buildActionMask = 2147483647;
			files = (
				180C19C81BF0F6A00098E273 /* LaunchScreen.storyboard in Resources */,
				180C19C51BF0F6A00098E273 /* Assets.xcassets in Resources */,
				180C19C31BF0F6A00098E273 /* Main.storyboard in Resources */,
			);
			runOnlyForDeploymentPostprocessing = 0;
		};
/* End PBXResourcesBuildPhase section */

/* Begin PBXSourcesBuildPhase section */
		180C19B61BF0F6A00098E273 /* Sources */ = {
			isa = PBXSourcesBuildPhase;
			buildActionMask = 2147483647;
			files = (
				180C19D21BF1B7750098E273 /* PersonCell.swift in Sources */,
				180C19C01BF0F6A00098E273 /* ViewController.swift in Sources */,
				180C19D41BF1C0BC0098E273 /* Person.swift in Sources */,
				180C19BE1BF0F6A00098E273 /* AppDelegate.swift in Sources */,
			);
			runOnlyForDeploymentPostprocessing = 0;
		};
/* End PBXSourcesBuildPhase section */

/* Begin PBXVariantGroup section */
		180C19C11BF0F6A00098E273 /* Main.storyboard */ = {
			isa = PBXVariantGroup;
			children = (
				180C19C21BF0F6A00098E273 /* Base */,
			);
			name = Main.storyboard;
			sourceTree = "<group>";
		};
		180C19C61BF0F6A00098E273 /* LaunchScreen.storyboard */ = {
			isa = PBXVariantGroup;
			children = (
				180C19C71BF0F6A00098E273 /* Base */,
			);
			name = LaunchScreen.storyboard;
			sourceTree = "<group>";
		};
/* End PBXVariantGroup section */

/* Begin XCBuildConfiguration section */
		180C19CA1BF0F6A00098E273 /* Debug */ = {
			isa = XCBuildConfiguration;
			buildSettings = {
				ALWAYS_SEARCH_USER_PATHS = NO;
				CLANG_CXX_LANGUAGE_STANDARD = "gnu++0x";
				CLANG_CXX_LIBRARY = "libc++";
				CLANG_ENABLE_MODULES = YES;
				CLANG_ENABLE_OBJC_ARC = YES;
				CLANG_WARN_BOOL_CONVERSION = YES;
				CLANG_WARN_CONSTANT_CONVERSION = YES;
				CLANG_WARN_DIRECT_OBJC_ISA_USAGE = YES_ERROR;
				CLANG_WARN_EMPTY_BODY = YES;
				CLANG_WARN_ENUM_CONVERSION = YES;
				CLANG_WARN_INT_CONVERSION = YES;
				CLANG_WARN_OBJC_ROOT_CLASS = YES_ERROR;
				CLANG_WARN_UNREACHABLE_CODE = YES;
				CLANG_WARN__DUPLICATE_METHOD_MATCH = YES;
				"CODE_SIGN_IDENTITY[sdk=iphoneos*]" = "iPhone Developer";
				COPY_PHASE_STRIP = NO;
				DEBUG_INFORMATION_FORMAT = dwarf;
				ENABLE_STRICT_OBJC_MSGSEND = YES;
				ENABLE_TESTABILITY = YES;
				GCC_C_LANGUAGE_STANDARD = gnu99;
				GCC_DYNAMIC_NO_PIC = NO;
				GCC_NO_COMMON_BLOCKS = YES;
				GCC_OPTIMIZATION_LEVEL = 0;
				GCC_PREPROCESSOR_DEFINITIONS = (
					"DEBUG=1",
					"$(inherited)",
				);
				GCC_WARN_64_TO_32_BIT_CONVERSION = YES;
				GCC_WARN_ABOUT_RETURN_TYPE = YES_ERROR;
				GCC_WARN_UNDECLARED_SELECTOR = YES;
				GCC_WARN_UNINITIALIZED_AUTOS = YES_AGGRESSIVE;
				GCC_WARN_UNUSED_FUNCTION = YES;
				GCC_WARN_UNUSED_VARIABLE = YES;
				IPHONEOS_DEPLOYMENT_TARGET = 9.1;
				MTL_ENABLE_DEBUG_INFO = YES;
				ONLY_ACTIVE_ARCH = YES;
				SDKROOT = iphoneos;
				SWIFT_OPTIMIZATION_LEVEL = "-Onone";
			};
			name = Debug;
		};
		180C19CB1BF0F6A00098E273 /* Release */ = {
			isa = XCBuildConfiguration;
			buildSettings = {
				ALWAYS_SEARCH_USER_PATHS = NO;
				CLANG_CXX_LANGUAGE_STANDARD = "gnu++0x";
				CLANG_CXX_LIBRARY = "libc++";
				CLANG_ENABLE_MODULES = YES;
				CLANG_ENABLE_OBJC_ARC = YES;
				CLANG_WARN_BOOL_CONVERSION = YES;
				CLANG_WARN_CONSTANT_CONVERSION = YES;
				CLANG_WARN_DIRECT_OBJC_ISA_USAGE = YES_ERROR;
				CLANG_WARN_EMPTY_BODY = YES;
				CLANG_WARN_ENUM_CONVERSION = YES;
				CLANG_WARN_INT_CONVERSION = YES;
				CLANG_WARN_OBJC_ROOT_CLASS = YES_ERROR;
				CLANG_WARN_UNREACHABLE_CODE = YES;
				CLANG_WARN__DUPLICATE_METHOD_MATCH = YES;
				"CODE_SIGN_IDENTITY[sdk=iphoneos*]" = "iPhone Developer";
				COPY_PHASE_STRIP = NO;
				DEBUG_INFORMATION_FORMAT = "dwarf-with-dsym";
				ENABLE_NS_ASSERTIONS = NO;
				ENABLE_STRICT_OBJC_MSGSEND = YES;
				GCC_C_LANGUAGE_STANDARD = gnu99;
				GCC_NO_COMMON_BLOCKS = YES;
				GCC_WARN_64_TO_32_BIT_CONVERSION = YES;
				GCC_WARN_ABOUT_RETURN_TYPE = YES_ERROR;
				GCC_WARN_UNDECLARED_SELECTOR = YES;
				GCC_WARN_UNINITIALIZED_AUTOS = YES_AGGRESSIVE;
				GCC_WARN_UNUSED_FUNCTION = YES;
				GCC_WARN_UNUSED_VARIABLE = YES;
				IPHONEOS_DEPLOYMENT_TARGET = 9.1;
				MTL_ENABLE_DEBUG_INFO = NO;
				SDKROOT = iphoneos;
				VALIDATE_PRODUCT = YES;
			};
			name = Release;
		};
		180C19CD1BF0F6A00098E273 /* Debug */ = {
			isa = XCBuildConfiguration;
			buildSettings = {
				ASSETCATALOG_COMPILER_APPICON_NAME = AppIcon;
				INFOPLIST_FILE = Project10/Info.plist;
				LD_RUNPATH_SEARCH_PATHS = "$(inherited) @executable_path/Frameworks";
				PRODUCT_BUNDLE_IDENTIFIER = com.mikeios.Project10;
				PRODUCT_NAME = "$(TARGET_NAME)";
			};
			name = Debug;
		};
		180C19CE1BF0F6A00098E273 /* Release */ = {
			isa = XCBuildConfiguration;
			buildSettings = {
				ASSETCATALOG_COMPILER_APPICON_NAME = AppIcon;
				INFOPLIST_FILE = Project10/Info.plist;
				LD_RUNPATH_SEARCH_PATHS = "$(inherited) @executable_path/Frameworks";
				PRODUCT_BUNDLE_IDENTIFIER = com.mikeios.Project10;
				PRODUCT_NAME = "$(TARGET_NAME)";
			};
			name = Release;
		};
/* End XCBuildConfiguration section */

/* Begin XCConfigurationList section */
		180C19B51BF0F6A00098E273 /* Build configuration list for PBXProject "Project10" */ = {
			isa = XCConfigurationList;
			buildConfigurations = (
				180C19CA1BF0F6A00098E273 /* Debug */,
				180C19CB1BF0F6A00098E273 /* Release */,
			);
			defaultConfigurationIsVisible = 0;
			defaultConfigurationName = Release;
		};
		180C19CC1BF0F6A00098E273 /* Build configuration list for PBXNativeTarget "Project10" */ = {
			isa = XCConfigurationList;
			buildConfigurations = (
				180C19CD1BF0F6A00098E273 /* Debug */,
				180C19CE1BF0F6A00098E273 /* Release */,
			);
			defaultConfigurationIsVisible = 0;
		};
/* End XCConfigurationList section */
	};
	rootObject = 180C19B21BF0F6A00098E273 /* Project object */;
}
